// !$*UTF8*$!
{
	archiveVersion = 1;
	classes = {
	};
	objectVersion = 46;
	objects = {

/* Begin PBXBuildFile section */
		1B58B3FAC5AC0E1870A23378 /* libPods.a in Frameworks */ = {isa = PBXBuildFile; fileRef = 3AAA5F25E258619ED9C4735C /* libPods.a */; };
		71558F961C5D7582004C1E76 /* AppDelegate.swift in Sources */ = {isa = PBXBuildFile; fileRef = 71558F951C5D7582004C1E76 /* AppDelegate.swift */; };
		71558F981C5D7582004C1E76 /* ViewController.swift in Sources */ = {isa = PBXBuildFile; fileRef = 71558F971C5D7582004C1E76 /* ViewController.swift */; };
		71558F9B1C5D7582004C1E76 /* Main.storyboard in Resources */ = {isa = PBXBuildFile; fileRef = 71558F991C5D7582004C1E76 /* Main.storyboard */; };
		71558F9E1C5D7582004C1E76 /* Parket.xcdatamodeld in Sources */ = {isa = PBXBuildFile; fileRef = 71558F9C1C5D7582004C1E76 /* Parket.xcdatamodeld */; };
		71558FA01C5D7582004C1E76 /* Assets.xcassets in Resources */ = {isa = PBXBuildFile; fileRef = 71558F9F1C5D7582004C1E76 /* Assets.xcassets */; };
		71558FA31C5D7582004C1E76 /* LaunchScreen.storyboard in Resources */ = {isa = PBXBuildFile; fileRef = 71558FA11C5D7582004C1E76 /* LaunchScreen.storyboard */; };
		71558FAE1C5D7582004C1E76 /* ParketTests.swift in Sources */ = {isa = PBXBuildFile; fileRef = 71558FAD1C5D7582004C1E76 /* ParketTests.swift */; };
		71558FB91C5D7582004C1E76 /* ParketUITests.swift in Sources */ = {isa = PBXBuildFile; fileRef = 71558FB81C5D7582004C1E76 /* ParketUITests.swift */; };
/* End PBXBuildFile section */

/* Begin PBXContainerItemProxy section */
		71558FAA1C5D7582004C1E76 /* PBXContainerItemProxy */ = {
			isa = PBXContainerItemProxy;
			containerPortal = 71558F8A1C5D7581004C1E76 /* Project object */;
			proxyType = 1;
			remoteGlobalIDString = 71558F911C5D7581004C1E76;
			remoteInfo = Parket;
		};
		71558FB51C5D7582004C1E76 /* PBXContainerItemProxy */ = {
			isa = PBXContainerItemProxy;
			containerPortal = 71558F8A1C5D7581004C1E76 /* Project object */;
			proxyType = 1;
			remoteGlobalIDString = 71558F911C5D7581004C1E76;
			remoteInfo = Parket;
		};
/* End PBXContainerItemProxy section */

/* Begin PBXFileReference section */
		1585B16EB01C66674E3FE0A2 /* Pods.release.xcconfig */ = {isa = PBXFileReference; includeInIndex = 1; lastKnownFileType = text.xcconfig; name = Pods.release.xcconfig; path = "Pods/Target Support Files/Pods/Pods.release.xcconfig"; sourceTree = "<group>"; };
		3AAA5F25E258619ED9C4735C /* libPods.a */ = {isa = PBXFileReference; explicitFileType = archive.ar; includeInIndex = 0; path = libPods.a; sourceTree = BUILT_PRODUCTS_DIR; };
		4D5ABC6F5CEEEB6A6A6CA232 /* Pods.debug.xcconfig */ = {isa = PBXFileReference; includeInIndex = 1; lastKnownFileType = text.xcconfig; name = Pods.debug.xcconfig; path = "Pods/Target Support Files/Pods/Pods.debug.xcconfig"; sourceTree = "<group>"; };
		71558F921C5D7582004C1E76 /* Parket.app */ = {isa = PBXFileReference; explicitFileType = wrapper.application; includeInIndex = 0; path = Parket.app; sourceTree = BUILT_PRODUCTS_DIR; };
		71558F951C5D7582004C1E76 /* AppDelegate.swift */ = {isa = PBXFileReference; lastKnownFileType = sourcecode.swift; path = AppDelegate.swift; sourceTree = "<group>"; };
		71558F971C5D7582004C1E76 /* ViewController.swift */ = {isa = PBXFileReference; lastKnownFileType = sourcecode.swift; path = ViewController.swift; sourceTree = "<group>"; };
		71558F9A1C5D7582004C1E76 /* Base */ = {isa = PBXFileReference; lastKnownFileType = file.storyboard; name = Base; path = Base.lproj/Main.storyboard; sourceTree = "<group>"; };
		71558F9D1C5D7582004C1E76 /* Parket.xcdatamodel */ = {isa = PBXFileReference; lastKnownFileType = wrapper.xcdatamodel; path = Parket.xcdatamodel; sourceTree = "<group>"; };
		71558F9F1C5D7582004C1E76 /* Assets.xcassets */ = {isa = PBXFileReference; lastKnownFileType = folder.assetcatalog; path = Assets.xcassets; sourceTree = "<group>"; };
		71558FA21C5D7582004C1E76 /* Base */ = {isa = PBXFileReference; lastKnownFileType = file.storyboard; name = Base; path = Base.lproj/LaunchScreen.storyboard; sourceTree = "<group>"; };
		71558FA41C5D7582004C1E76 /* Info.plist */ = {isa = PBXFileReference; lastKnownFileType = text.plist.xml; path = Info.plist; sourceTree = "<group>"; };
		71558FA91C5D7582004C1E76 /* ParketTests.xctest */ = {isa = PBXFileReference; explicitFileType = wrapper.cfbundle; includeInIndex = 0; path = ParketTests.xctest; sourceTree = BUILT_PRODUCTS_DIR; };
		71558FAD1C5D7582004C1E76 /* ParketTests.swift */ = {isa = PBXFileReference; lastKnownFileType = sourcecode.swift; path = ParketTests.swift; sourceTree = "<group>"; };
		71558FAF1C5D7582004C1E76 /* Info.plist */ = {isa = PBXFileReference; lastKnownFileType = text.plist.xml; path = Info.plist; sourceTree = "<group>"; };
		71558FB41C5D7582004C1E76 /* ParketUITests.xctest */ = {isa = PBXFileReference; explicitFileType = wrapper.cfbundle; includeInIndex = 0; path = ParketUITests.xctest; sourceTree = BUILT_PRODUCTS_DIR; };
		71558FB81C5D7582004C1E76 /* ParketUITests.swift */ = {isa = PBXFileReference; lastKnownFileType = sourcecode.swift; path = ParketUITests.swift; sourceTree = "<group>"; };
		71558FBA1C5D7582004C1E76 /* Info.plist */ = {isa = PBXFileReference; lastKnownFileType = text.plist.xml; path = Info.plist; sourceTree = "<group>"; };
/* End PBXFileReference section */

/* Begin PBXFrameworksBuildPhase section */
		71558F8F1C5D7581004C1E76 /* Frameworks */ = {
			isa = PBXFrameworksBuildPhase;
			buildActionMask = 2147483647;
			files = (
				1B58B3FAC5AC0E1870A23378 /* libPods.a in Frameworks */,
			);
			runOnlyForDeploymentPostprocessing = 0;
		};
		71558FA61C5D7582004C1E76 /* Frameworks */ = {
			isa = PBXFrameworksBuildPhase;
			buildActionMask = 2147483647;
			files = (
			);
			runOnlyForDeploymentPostprocessing = 0;
		};
		71558FB11C5D7582004C1E76 /* Frameworks */ = {
			isa = PBXFrameworksBuildPhase;
			buildActionMask = 2147483647;
			files = (
			);
			runOnlyForDeploymentPostprocessing = 0;
		};
/* End PBXFrameworksBuildPhase section */

/* Begin PBXGroup section */
		043D227C9B26D349576A7802 /* Pods */ = {
			isa = PBXGroup;
			children = (
				4D5ABC6F5CEEEB6A6A6CA232 /* Pods.debug.xcconfig */,
				1585B16EB01C66674E3FE0A2 /* Pods.release.xcconfig */,
			);
			name = Pods;
			sourceTree = "<group>";
		};
		71558F891C5D7581004C1E76 = {
			isa = PBXGroup;
			children = (
				71558F941C5D7582004C1E76 /* Parket */,
				71558FAC1C5D7582004C1E76 /* ParketTests */,
				71558FB71C5D7582004C1E76 /* ParketUITests */,
				71558F931C5D7582004C1E76 /* Products */,
				043D227C9B26D349576A7802 /* Pods */,
				D9EB5A4BFCE70CB77EE45634 /* Frameworks */,
			);
			sourceTree = "<group>";
		};
		71558F931C5D7582004C1E76 /* Products */ = {
			isa = PBXGroup;
			children = (
				71558F921C5D7582004C1E76 /* Parket.app */,
				71558FA91C5D7582004C1E76 /* ParketTests.xctest */,
				71558FB41C5D7582004C1E76 /* ParketUITests.xctest */,
			);
			name = Products;
			sourceTree = "<group>";
		};
		71558F941C5D7582004C1E76 /* Parket */ = {
			isa = PBXGroup;
			children = (
				71558F951C5D7582004C1E76 /* AppDelegate.swift */,
				71558F971C5D7582004C1E76 /* ViewController.swift */,
				71558F991C5D7582004C1E76 /* Main.storyboard */,
				71558F9F1C5D7582004C1E76 /* Assets.xcassets */,
				71558FA11C5D7582004C1E76 /* LaunchScreen.storyboard */,
				71558FA41C5D7582004C1E76 /* Info.plist */,
				71558F9C1C5D7582004C1E76 /* Parket.xcdatamodeld */,
			);
			path = Parket;
			sourceTree = "<group>";
		};
		71558FAC1C5D7582004C1E76 /* ParketTests */ = {
			isa = PBXGroup;
			children = (
				71558FAD1C5D7582004C1E76 /* ParketTests.swift */,
				71558FAF1C5D7582004C1E76 /* Info.plist */,
			);
			path = ParketTests;
			sourceTree = "<group>";
		};
		71558FB71C5D7582004C1E76 /* ParketUITests */ = {
			isa = PBXGroup;
			children = (
				71558FB81C5D7582004C1E76 /* ParketUITests.swift */,
				71558FBA1C5D7582004C1E76 /* Info.plist */,
			);
			path = ParketUITests;
			sourceTree = "<group>";
		};
		D9EB5A4BFCE70CB77EE45634 /* Frameworks */ = {
			isa = PBXGroup;
			children = (
				3AAA5F25E258619ED9C4735C /* libPods.a */,
			);
			name = Frameworks;
			sourceTree = "<group>";
		};
/* End PBXGroup section */

/* Begin PBXNativeTarget section */
		71558F911C5D7581004C1E76 /* Parket */ = {
			isa = PBXNativeTarget;
			buildConfigurationList = 71558FBD1C5D7582004C1E76 /* Build configuration list for PBXNativeTarget "Parket" */;
			buildPhases = (
				B343F2C0D5DD3004035BFBE7 /* Check Pods Manifest.lock */,
				71558F8E1C5D7581004C1E76 /* Sources */,
				71558F8F1C5D7581004C1E76 /* Frameworks */,
				71558F901C5D7581004C1E76 /* Resources */,
				B0F4AAF66CF502E4BE0CACC9 /* Embed Pods Frameworks */,
				F0CEB3A73AB2D39FA3C8A8BA /* Copy Pods Resources */,
			);
			buildRules = (
			);
			dependencies = (
			);
			name = Parket;
			productName = Parket;
			productReference = 71558F921C5D7582004C1E76 /* Parket.app */;
			productType = "com.apple.product-type.application";
		};
		71558FA81C5D7582004C1E76 /* ParketTests */ = {
			isa = PBXNativeTarget;
			buildConfigurationList = 71558FC01C5D7582004C1E76 /* Build configuration list for PBXNativeTarget "ParketTests" */;
			buildPhases = (
				71558FA51C5D7582004C1E76 /* Sources */,
				71558FA61C5D7582004C1E76 /* Frameworks */,
				71558FA71C5D7582004C1E76 /* Resources */,
			);
			buildRules = (
			);
			dependencies = (
				71558FAB1C5D7582004C1E76 /* PBXTargetDependency */,
			);
			name = ParketTests;
			productName = ParketTests;
			productReference = 71558FA91C5D7582004C1E76 /* ParketTests.xctest */;
			productType = "com.apple.product-type.bundle.unit-test";
		};
		71558FB31C5D7582004C1E76 /* ParketUITests */ = {
			isa = PBXNativeTarget;
			buildConfigurationList = 71558FC31C5D7582004C1E76 /* Build configuration list for PBXNativeTarget "ParketUITests" */;
			buildPhases = (
				71558FB01C5D7582004C1E76 /* Sources */,
				71558FB11C5D7582004C1E76 /* Frameworks */,
				71558FB21C5D7582004C1E76 /* Resources */,
			);
			buildRules = (
			);
			dependencies = (
				71558FB61C5D7582004C1E76 /* PBXTargetDependency */,
			);
			name = ParketUITests;
			productName = ParketUITests;
			productReference = 71558FB41C5D7582004C1E76 /* ParketUITests.xctest */;
			productType = "com.apple.product-type.bundle.ui-testing";
		};
/* End PBXNativeTarget section */

/* Begin PBXProject section */
		71558F8A1C5D7581004C1E76 /* Project object */ = {
			isa = PBXProject;
			attributes = {
				LastSwiftUpdateCheck = 0720;
				LastUpgradeCheck = 0720;
				ORGANIZATIONNAME = CSE110W240T16;
				TargetAttributes = {
					71558F911C5D7581004C1E76 = {
						CreatedOnToolsVersion = 7.2;
					};
					71558FA81C5D7582004C1E76 = {
						CreatedOnToolsVersion = 7.2;
						TestTargetID = 71558F911C5D7581004C1E76;
					};
					71558FB31C5D7582004C1E76 = {
						CreatedOnToolsVersion = 7.2;
						TestTargetID = 71558F911C5D7581004C1E76;
					};
				};
			};
			buildConfigurationList = 71558F8D1C5D7581004C1E76 /* Build configuration list for PBXProject "Parket" */;
			compatibilityVersion = "Xcode 3.2";
			developmentRegion = English;
			hasScannedForEncodings = 0;
			knownRegions = (
				en,
				Base,
			);
			mainGroup = 71558F891C5D7581004C1E76;
			productRefGroup = 71558F931C5D7582004C1E76 /* Products */;
			projectDirPath = "";
			projectRoot = "";
			targets = (
				71558F911C5D7581004C1E76 /* Parket */,
				71558FA81C5D7582004C1E76 /* ParketTests */,
				71558FB31C5D7582004C1E76 /* ParketUITests */,
			);
		};
/* End PBXProject section */

/* Begin PBXResourcesBuildPhase section */
		71558F901C5D7581004C1E76 /* Resources */ = {
			isa = PBXResourcesBuildPhase;
			buildActionMask = 2147483647;
			files = (
				71558FA31C5D7582004C1E76 /* LaunchScreen.storyboard in Resources */,
				71558FA01C5D7582004C1E76 /* Assets.xcassets in Resources */,
				71558F9B1C5D7582004C1E76 /* Main.storyboard in Resources */,
			);
			runOnlyForDeploymentPostprocessing = 0;
		};
		71558FA71C5D7582004C1E76 /* Resources */ = {
			isa = PBXResourcesBuildPhase;
			buildActionMask = 2147483647;
			files = (
			);
			runOnlyForDeploymentPostprocessing = 0;
		};
		71558FB21C5D7582004C1E76 /* Resources */ = {
			isa = PBXResourcesBuildPhase;
			buildActionMask = 2147483647;
			files = (
			);
			runOnlyForDeploymentPostprocessing = 0;
		};
/* End PBXResourcesBuildPhase section */

/* Begin PBXShellScriptBuildPhase section */
		B0F4AAF66CF502E4BE0CACC9 /* Embed Pods Frameworks */ = {
			isa = PBXShellScriptBuildPhase;
			buildActionMask = 2147483647;
			files = (
			);
			inputPaths = (
			);
			name = "Embed Pods Frameworks";
			outputPaths = (
			);
			runOnlyForDeploymentPostprocessing = 0;
			shellPath = /bin/sh;
			shellScript = "\"${SRCROOT}/Pods/Target Support Files/Pods/Pods-frameworks.sh\"\n";
			showEnvVarsInLog = 0;
		};
		B343F2C0D5DD3004035BFBE7 /* Check Pods Manifest.lock */ = {
			isa = PBXShellScriptBuildPhase;
			buildActionMask = 2147483647;
			files = (
			);
			inputPaths = (
			);
			name = "Check Pods Manifest.lock";
			outputPaths = (
			);
			runOnlyForDeploymentPostprocessing = 0;
			shellPath = /bin/sh;
			shellScript = "diff \"${PODS_ROOT}/../Podfile.lock\" \"${PODS_ROOT}/Manifest.lock\" > /dev/null\nif [[ $? != 0 ]] ; then\n    cat << EOM\nerror: The sandbox is not in sync with the Podfile.lock. Run 'pod install' or update your CocoaPods installation.\nEOM\n    exit 1\nfi\n";
			showEnvVarsInLog = 0;
		};
		F0CEB3A73AB2D39FA3C8A8BA /* Copy Pods Resources */ = {
			isa = PBXShellScriptBuildPhase;
			buildActionMask = 2147483647;
			files = (
			);
			inputPaths = (
			);
			name = "Copy Pods Resources";
			outputPaths = (
			);
			runOnlyForDeploymentPostprocessing = 0;
			shellPath = /bin/sh;
			shellScript = "\"${SRCROOT}/Pods/Target Support Files/Pods/Pods-resources.sh\"\n";
			showEnvVarsInLog = 0;
		};
/* End PBXShellScriptBuildPhase section */

/* Begin PBXSourcesBuildPhase section */
		71558F8E1C5D7581004C1E76 /* Sources */ = {
			isa = PBXSourcesBuildPhase;
			buildActionMask = 2147483647;
			files = (
				71558F981C5D7582004C1E76 /* ViewController.swift in Sources */,
				71558F9E1C5D7582004C1E76 /* Parket.xcdatamodeld in Sources */,
				71558F961C5D7582004C1E76 /* AppDelegate.swift in Sources */,
			);
			runOnlyForDeploymentPostprocessing = 0;
		};
		71558FA51C5D7582004C1E76 /* Sources */ = {
			isa = PBXSourcesBuildPhase;
			buildActionMask = 2147483647;
			files = (
				71558FAE1C5D7582004C1E76 /* ParketTests.swift in Sources */,
			);
			runOnlyForDeploymentPostprocessing = 0;
		};
		71558FB01C5D7582004C1E76 /* Sources */ = {
			isa = PBXSourcesBuildPhase;
			buildActionMask = 2147483647;
			files = (
				71558FB91C5D7582004C1E76 /* ParketUITests.swift in Sources */,
			);
			runOnlyForDeploymentPostprocessing = 0;
		};
/* End PBXSourcesBuildPhase section */

/* Begin PBXTargetDependency section */
		71558FAB1C5D7582004C1E76 /* PBXTargetDependency */ = {
			isa = PBXTargetDependency;
			target = 71558F911C5D7581004C1E76 /* Parket */;
			targetProxy = 71558FAA1C5D7582004C1E76 /* PBXContainerItemProxy */;
		};
		71558FB61C5D7582004C1E76 /* PBXTargetDependency */ = {
			isa = PBXTargetDependency;
			target = 71558F911C5D7581004C1E76 /* Parket */;
			targetProxy = 71558FB51C5D7582004C1E76 /* PBXContainerItemProxy */;
		};
/* End PBXTargetDependency section */

/* Begin PBXVariantGroup section */
		71558F991C5D7582004C1E76 /* Main.storyboard */ = {
			isa = PBXVariantGroup;
			children = (
				71558F9A1C5D7582004C1E76 /* Base */,
			);
			name = Main.storyboard;
			sourceTree = "<group>";
		};
		71558FA11C5D7582004C1E76 /* LaunchScreen.storyboard */ = {
			isa = PBXVariantGroup;
			children = (
				71558FA21C5D7582004C1E76 /* Base */,
			);
			name = LaunchScreen.storyboard;
			sourceTree = "<group>";
		};
/* End PBXVariantGroup section */

/* Begin XCBuildConfiguration section */
		71558FBB1C5D7582004C1E76 /* Debug */ = {
			isa = XCBuildConfiguration;
			buildSettings = {
				ALWAYS_SEARCH_USER_PATHS = NO;
				CLANG_CXX_LANGUAGE_STANDARD = "gnu++0x";
				CLANG_CXX_LIBRARY = "libc++";
				CLANG_ENABLE_MODULES = YES;
				CLANG_ENABLE_OBJC_ARC = YES;
				CLANG_WARN_BOOL_CONVERSION = YES;
				CLANG_WARN_CONSTANT_CONVERSION = YES;
				CLANG_WARN_DIRECT_OBJC_ISA_USAGE = YES_ERROR;
				CLANG_WARN_EMPTY_BODY = YES;
				CLANG_WARN_ENUM_CONVERSION = YES;
				CLANG_WARN_INT_CONVERSION = YES;
				CLANG_WARN_OBJC_ROOT_CLASS = YES_ERROR;
				CLANG_WARN_UNREACHABLE_CODE = YES;
				CLANG_WARN__DUPLICATE_METHOD_MATCH = YES;
				"CODE_SIGN_IDENTITY[sdk=iphoneos*]" = "iPhone Developer";
				COPY_PHASE_STRIP = NO;
				DEBUG_INFORMATION_FORMAT = dwarf;
				ENABLE_STRICT_OBJC_MSGSEND = YES;
				ENABLE_TESTABILITY = YES;
				GCC_C_LANGUAGE_STANDARD = gnu99;
				GCC_DYNAMIC_NO_PIC = NO;
				GCC_NO_COMMON_BLOCKS = YES;
				GCC_OPTIMIZATION_LEVEL = 0;
				GCC_PREPROCESSOR_DEFINITIONS = (
					"DEBUG=1",
					"$(inherited)",
				);
				GCC_WARN_64_TO_32_BIT_CONVERSION = YES;
				GCC_WARN_ABOUT_RETURN_TYPE = YES_ERROR;
				GCC_WARN_UNDECLARED_SELECTOR = YES;
				GCC_WARN_UNINITIALIZED_AUTOS = YES_AGGRESSIVE;
				GCC_WARN_UNUSED_FUNCTION = YES;
				GCC_WARN_UNUSED_VARIABLE = YES;
				IPHONEOS_DEPLOYMENT_TARGET = 9.2;
				MTL_ENABLE_DEBUG_INFO = YES;
				ONLY_ACTIVE_ARCH = YES;
				SDKROOT = iphoneos;
				SWIFT_OPTIMIZATION_LEVEL = "-Onone";
				TARGETED_DEVICE_FAMILY = "1,2";
			};
			name = Debug;
		};
		71558FBC1C5D7582004C1E76 /* Release */ = {
			isa = XCBuildConfiguration;
			buildSettings = {
				ALWAYS_SEARCH_USER_PATHS = NO;
				CLANG_CXX_LANGUAGE_STANDARD = "gnu++0x";
				CLANG_CXX_LIBRARY = "libc++";
				CLANG_ENABLE_MODULES = YES;
				CLANG_ENABLE_OBJC_ARC = YES;
				CLANG_WARN_BOOL_CONVERSION = YES;
				CLANG_WARN_CONSTANT_CONVERSION = YES;
				CLANG_WARN_DIRECT_OBJC_ISA_USAGE = YES_ERROR;
				CLANG_WARN_EMPTY_BODY = YES;
				CLANG_WARN_ENUM_CONVERSION = YES;
				CLANG_WARN_INT_CONVERSION = YES;
				CLANG_WARN_OBJC_ROOT_CLASS = YES_ERROR;
				CLANG_WARN_UNREACHABLE_CODE = YES;
				CLANG_WARN__DUPLICATE_METHOD_MATCH = YES;
				"CODE_SIGN_IDENTITY[sdk=iphoneos*]" = "iPhone Developer";
				COPY_PHASE_STRIP = NO;
				DEBUG_INFORMATION_FORMAT = "dwarf-with-dsym";
				ENABLE_NS_ASSERTIONS = NO;
				ENABLE_STRICT_OBJC_MSGSEND = YES;
				GCC_C_LANGUAGE_STANDARD = gnu99;
				GCC_NO_COMMON_BLOCKS = YES;
				GCC_WARN_64_TO_32_BIT_CONVERSION = YES;
				GCC_WARN_ABOUT_RETURN_TYPE = YES_ERROR;
				GCC_WARN_UNDECLARED_SELECTOR = YES;
				GCC_WARN_UNINITIALIZED_AUTOS = YES_AGGRESSIVE;
				GCC_WARN_UNUSED_FUNCTION = YES;
				GCC_WARN_UNUSED_VARIABLE = YES;
				IPHONEOS_DEPLOYMENT_TARGET = 9.2;
				MTL_ENABLE_DEBUG_INFO = NO;
				SDKROOT = iphoneos;
				TARGETED_DEVICE_FAMILY = "1,2";
				VALIDATE_PRODUCT = YES;
			};
			name = Release;
		};
		71558FBE1C5D7582004C1E76 /* Debug */ = {
			isa = XCBuildConfiguration;
			baseConfigurationReference = 4D5ABC6F5CEEEB6A6A6CA232 /* Pods.debug.xcconfig */;
			buildSettings = {
				ASSETCATALOG_COMPILER_APPICON_NAME = AppIcon;
				INFOPLIST_FILE = Parket/Info.plist;
				LD_RUNPATH_SEARCH_PATHS = "$(inherited) @executable_path/Frameworks";
				PRODUCT_BUNDLE_IDENTIFIER = com.CSE110W240T16.Parket;
				PRODUCT_NAME = "$(TARGET_NAME)";
			};
			name = Debug;
		};
		71558FBF1C5D7582004C1E76 /* Release */ = {
			isa = XCBuildConfiguration;
			baseConfigurationReference = 1585B16EB01C66674E3FE0A2 /* Pods.release.xcconfig */;
			buildSettings = {
				ASSETCATALOG_COMPILER_APPICON_NAME = AppIcon;
				INFOPLIST_FILE = Parket/Info.plist;
				LD_RUNPATH_SEARCH_PATHS = "$(inherited) @executable_path/Frameworks";
				PRODUCT_BUNDLE_IDENTIFIER = com.CSE110W240T16.Parket;
				PRODUCT_NAME = "$(TARGET_NAME)";
			};
			name = Release;
		};
		71558FC11C5D7582004C1E76 /* Debug */ = {
			isa = XCBuildConfiguration;
			buildSettings = {
				BUNDLE_LOADER = "$(TEST_HOST)";
				INFOPLIST_FILE = ParketTests/Info.plist;
				LD_RUNPATH_SEARCH_PATHS = "$(inherited) @executable_path/Frameworks @loader_path/Frameworks";
				PRODUCT_BUNDLE_IDENTIFIER = com.CSE110W240T16.ParketTests;
				PRODUCT_NAME = "$(TARGET_NAME)";
				TEST_HOST = "$(BUILT_PRODUCTS_DIR)/Parket.app/Parket";
			};
			name = Debug;
		};
		71558FC21C5D7582004C1E76 /* Release */ = {
			isa = XCBuildConfiguration;
			buildSettings = {
				BUNDLE_LOADER = "$(TEST_HOST)";
				INFOPLIST_FILE = ParketTests/Info.plist;
				LD_RUNPATH_SEARCH_PATHS = "$(inherited) @executable_path/Frameworks @loader_path/Frameworks";
				PRODUCT_BUNDLE_IDENTIFIER = com.CSE110W240T16.ParketTests;
				PRODUCT_NAME = "$(TARGET_NAME)";
				TEST_HOST = "$(BUILT_PRODUCTS_DIR)/Parket.app/Parket";
			};
			name = Release;
		};
		71558FC41C5D7582004C1E76 /* Debug */ = {
			isa = XCBuildConfiguration;
			buildSettings = {
				INFOPLIST_FILE = ParketUITests/Info.plist;
				LD_RUNPATH_SEARCH_PATHS = "$(inherited) @executable_path/Frameworks @loader_path/Frameworks";
				PRODUCT_BUNDLE_IDENTIFIER = com.CSE110W240T16.ParketUITests;
				PRODUCT_NAME = "$(TARGET_NAME)";
				TEST_TARGET_NAME = Parket;
				USES_XCTRUNNER = YES;
			};
			name = Debug;
		};
		71558FC51C5D7582004C1E76 /* Release */ = {
			isa = XCBuildConfiguration;
			buildSettings = {
				INFOPLIST_FILE = ParketUITests/Info.plist;
				LD_RUNPATH_SEARCH_PATHS = "$(inherited) @executable_path/Frameworks @loader_path/Frameworks";
				PRODUCT_BUNDLE_IDENTIFIER = com.CSE110W240T16.ParketUITests;
				PRODUCT_NAME = "$(TARGET_NAME)";
				TEST_TARGET_NAME = Parket;
				USES_XCTRUNNER = YES;
			};
			name = Release;
		};
/* End XCBuildConfiguration section */

/* Begin XCConfigurationList section */
		71558F8D1C5D7581004C1E76 /* Build configuration list for PBXProject "Parket" */ = {
			isa = XCConfigurationList;
			buildConfigurations = (
				71558FBB1C5D7582004C1E76 /* Debug */,
				71558FBC1C5D7582004C1E76 /* Release */,
			);
			defaultConfigurationIsVisible = 0;
			defaultConfigurationName = Release;
		};
		71558FBD1C5D7582004C1E76 /* Build configuration list for PBXNativeTarget "Parket" */ = {
			isa = XCConfigurationList;
			buildConfigurations = (
				71558FBE1C5D7582004C1E76 /* Debug */,
				71558FBF1C5D7582004C1E76 /* Release */,
			);
			defaultConfigurationIsVisible = 0;
			defaultConfigurationName = Release;
		};
		71558FC01C5D7582004C1E76 /* Build configuration list for PBXNativeTarget "ParketTests" */ = {
			isa = XCConfigurationList;
			buildConfigurations = (
				71558FC11C5D7582004C1E76 /* Debug */,
				71558FC21C5D7582004C1E76 /* Release */,
			);
			defaultConfigurationIsVisible = 0;
			defaultConfigurationName = Release;
		};
		71558FC31C5D7582004C1E76 /* Build configuration list for PBXNativeTarget "ParketUITests" */ = {
			isa = XCConfigurationList;
			buildConfigurations = (
				71558FC41C5D7582004C1E76 /* Debug */,
				71558FC51C5D7582004C1E76 /* Release */,
			);
			defaultConfigurationIsVisible = 0;
			defaultConfigurationName = Release;
		};
/* End XCConfigurationList section */

/* Begin XCVersionGroup section */
		71558F9C1C5D7582004C1E76 /* Parket.xcdatamodeld */ = {
			isa = XCVersionGroup;
			children = (
				71558F9D1C5D7582004C1E76 /* Parket.xcdatamodel */,
			);
			currentVersion = 71558F9D1C5D7582004C1E76 /* Parket.xcdatamodel */;
			path = Parket.xcdatamodeld;
			sourceTree = "<group>";
			versionGroupType = wrapper.xcdatamodel;
		};
/* End XCVersionGroup section */
	};
	rootObject = 71558F8A1C5D7581004C1E76 /* Project object */;
}
